
Microsoft Visual Studio Solution File, Format Version 12.00
# Visual Studio Version 17
VisualStudioVersion = 17.0.31903.59
MinimumVisualStudioVersion = 10.0.40219.1
Project("{FAE04EC0-301F-11D3-BF4B-00C04F79EFBC}") = "WorkerData", "WorkerData.csproj", "{FFD45807-2ABD-4B4F-BB37-F396F194E490}"
EndProject
Global
	GlobalSection(SolutionConfigurationPlatforms) = preSolution
		Debug|Any CPU = Debug|Any CPU
		Release|Any CPU = Release|Any CPU
	EndGlobalSection
	GlobalSection(SolutionProperties) = preSolution
		HideSolutionNode = FALSE
	EndGlobalSection
	GlobalSection(ProjectConfigurationPlatforms) = postSolution
		{FFD45807-2ABD-4B4F-BB37-F396F194E490}.Debug|Any CPU.ActiveCfg = Debug|Any CPU
		{FFD45807-2ABD-4B4F-BB37-F396F194E490}.Debug|Any CPU.Build.0 = Debug|Any CPU
		{FFD45807-2ABD-4B4F-BB37-F396F194E490}.Release|Any CPU.ActiveCfg = Release|Any CPU
		{FFD45807-2ABD-4B4F-BB37-F396F194E490}.Release|Any CPU.Build.0 = Release|Any CPU
	EndGlobalSection
EndGlobal
